// !$*UTF8*$!
{
	archiveVersion = 1;
	classes = {
	};
	objectVersion = 50;
	objects = {

/* Begin PBXBuildFile section */
		71A2D745208F7A740031C4FC /* AppDelegate.swift in Sources */ = {isa = PBXBuildFile; fileRef = 71A2D744208F7A740031C4FC /* AppDelegate.swift */; };
		71A2D747208F7A740031C4FC /* ViewController.swift in Sources */ = {isa = PBXBuildFile; fileRef = 71A2D746208F7A740031C4FC /* ViewController.swift */; };
		71A2D74A208F7A740031C4FC /* Main.storyboard in Resources */ = {isa = PBXBuildFile; fileRef = 71A2D748208F7A740031C4FC /* Main.storyboard */; };
		71A2D74C208F7A750031C4FC /* Assets.xcassets in Resources */ = {isa = PBXBuildFile; fileRef = 71A2D74B208F7A750031C4FC /* Assets.xcassets */; };
		71A2D74F208F7A750031C4FC /* LaunchScreen.storyboard in Resources */ = {isa = PBXBuildFile; fileRef = 71A2D74D208F7A750031C4FC /* LaunchScreen.storyboard */; };
		71A2D759208F7FEF0031C4FC /* MenuTransitionManager.swift in Sources */ = {isa = PBXBuildFile; fileRef = 71A2D758208F7FEF0031C4FC /* MenuTransitionManager.swift */; };
		71A2D75C208F81EA0031C4FC /* MenuViewController.swift in Sources */ = {isa = PBXBuildFile; fileRef = 71A2D75A208F81EA0031C4FC /* MenuViewController.swift */; };
		71A2D75D208F81EA0031C4FC /* MenuViewController.xib in Resources */ = {isa = PBXBuildFile; fileRef = 71A2D75B208F81EA0031C4FC /* MenuViewController.xib */; };
/* End PBXBuildFile section */

/* Begin PBXFileReference section */
		71A2D741208F7A740031C4FC /* Day17.app */ = {isa = PBXFileReference; explicitFileType = wrapper.application; includeInIndex = 0; path = Day17.app; sourceTree = BUILT_PRODUCTS_DIR; };
		71A2D744208F7A740031C4FC /* AppDelegate.swift */ = {isa = PBXFileReference; lastKnownFileType = sourcecode.swift; path = AppDelegate.swift; sourceTree = "<group>"; };
		71A2D746208F7A740031C4FC /* ViewController.swift */ = {isa = PBXFileReference; lastKnownFileType = sourcecode.swift; path = ViewController.swift; sourceTree = "<group>"; };
		71A2D749208F7A740031C4FC /* Base */ = {isa = PBXFileReference; lastKnownFileType = file.storyboard; name = Base; path = Base.lproj/Main.storyboard; sourceTree = "<group>"; };
		71A2D74B208F7A750031C4FC /* Assets.xcassets */ = {isa = PBXFileReference; lastKnownFileType = folder.assetcatalog; path = Assets.xcassets; sourceTree = "<group>"; };
		71A2D74E208F7A750031C4FC /* Base */ = {isa = PBXFileReference; lastKnownFileType = file.storyboard; name = Base; path = Base.lproj/LaunchScreen.storyboard; sourceTree = "<group>"; };
		71A2D750208F7A750031C4FC /* Info.plist */ = {isa = PBXFileReference; lastKnownFileType = text.plist.xml; path = Info.plist; sourceTree = "<group>"; };
		71A2D758208F7FEF0031C4FC /* MenuTransitionManager.swift */ = {isa = PBXFileReference; lastKnownFileType = sourcecode.swift; path = MenuTransitionManager.swift; sourceTree = "<group>"; };
		71A2D75A208F81EA0031C4FC /* MenuViewController.swift */ = {isa = PBXFileReference; lastKnownFileType = sourcecode.swift; path = MenuViewController.swift; sourceTree = "<group>"; };
		71A2D75B208F81EA0031C4FC /* MenuViewController.xib */ = {isa = PBXFileReference; lastKnownFileType = file.xib; path = MenuViewController.xib; sourceTree = "<group>"; };
/* End PBXFileReference section */

/* Begin PBXFrameworksBuildPhase section */
		71A2D73E208F7A740031C4FC /* Frameworks */ = {
			isa = PBXFrameworksBuildPhase;
			buildActionMask = 2147483647;
			files = (
			);
			runOnlyForDeploymentPostprocessing = 0;
		};
/* End PBXFrameworksBuildPhase section */

/* Begin PBXGroup section */
		71A2D738208F7A740031C4FC = {
			isa = PBXGroup;
			children = (
				71A2D743208F7A740031C4FC /* Day17 */,
				71A2D742208F7A740031C4FC /* Products */,
			);
			sourceTree = "<group>";
		};
		71A2D742208F7A740031C4FC /* Products */ = {
			isa = PBXGroup;
			children = (
				71A2D741208F7A740031C4FC /* Day17.app */,
			);
			name = Products;
			sourceTree = "<group>";
		};
		71A2D743208F7A740031C4FC /* Day17 */ = {
			isa = PBXGroup;
			children = (
				71A2D744208F7A740031C4FC /* AppDelegate.swift */,
				71A2D746208F7A740031C4FC /* ViewController.swift */,
				71A2D75A208F81EA0031C4FC /* MenuViewController.swift */,
				71A2D75B208F81EA0031C4FC /* MenuViewController.xib */,
				71A2D758208F7FEF0031C4FC /* MenuTransitionManager.swift */,
				71A2D748208F7A740031C4FC /* Main.storyboard */,
				71A2D74B208F7A750031C4FC /* Assets.xcassets */,
				71A2D74D208F7A750031C4FC /* LaunchScreen.storyboard */,
				71A2D750208F7A750031C4FC /* Info.plist */,
			);
			path = Day17;
			sourceTree = "<group>";
		};
/* End PBXGroup section */

/* Begin PBXNativeTarget section */
		71A2D740208F7A740031C4FC /* Day17 */ = {
			isa = PBXNativeTarget;
			buildConfigurationList = 71A2D753208F7A750031C4FC /* Build configuration list for PBXNativeTarget "Day17" */;
			buildPhases = (
				71A2D73D208F7A740031C4FC /* Sources */,
				71A2D73E208F7A740031C4FC /* Frameworks */,
				71A2D73F208F7A740031C4FC /* Resources */,
			);
			buildRules = (
			);
			dependencies = (
			);
			name = Day17;
			productName = Day17;
			productReference = 71A2D741208F7A740031C4FC /* Day17.app */;
			productType = "com.apple.product-type.application";
		};
/* End PBXNativeTarget section */

/* Begin PBXProject section */
		71A2D739208F7A740031C4FC /* Project object */ = {
			isa = PBXProject;
			attributes = {
				LastSwiftUpdateCheck = 0930;
				LastUpgradeCheck = 0930;
				ORGANIZATIONNAME = canoe;
				TargetAttributes = {
					71A2D740208F7A740031C4FC = {
						CreatedOnToolsVersion = 9.3;
					};
				};
			};
			buildConfigurationList = 71A2D73C208F7A740031C4FC /* Build configuration list for PBXProject "Day17" */;
			compatibilityVersion = "Xcode 9.3";
			developmentRegion = en;
			hasScannedForEncodings = 0;
			knownRegions = (
				en,
				Base,
			);
			mainGroup = 71A2D738208F7A740031C4FC;
			productRefGroup = 71A2D742208F7A740031C4FC /* Products */;
			projectDirPath = "";
			projectRoot = "";
			targets = (
				71A2D740208F7A740031C4FC /* Day17 */,
			);
		};
/* End PBXProject section */

/* Begin PBXResourcesBuildPhase section */
		71A2D73F208F7A740031C4FC /* Resources */ = {
			isa = PBXResourcesBuildPhase;
			buildActionMask = 2147483647;
			files = (
				71A2D74F208F7A750031C4FC /* LaunchScreen.storyboard in Resources */,
				71A2D74C208F7A750031C4FC /* Assets.xcassets in Resources */,
				71A2D74A208F7A740031C4FC /* Main.storyboard in Resources */,
				71A2D75D208F81EA0031C4FC /* MenuViewController.xib in Resources */,
			);
			runOnlyForDeploymentPostprocessing = 0;
		};
/* End PBXResourcesBuildPhase section */

/* Begin PBXSourcesBuildPhase section */
		71A2D73D208F7A740031C4FC /* Sources */ = {
			isa = PBXSourcesBuildPhase;
			buildActionMask = 2147483647;
			files = (
				71A2D747208F7A740031C4FC /* ViewController.swift in Sources */,
				71A2D759208F7FEF0031C4FC /* MenuTransitionManager.swift in Sources */,
				71A2D745208F7A740031C4FC /* AppDelegate.swift in Sources */,
				71A2D75C208F81EA0031C4FC /* MenuViewController.swift in Sources */,
			);
			runOnlyForDeploymentPostprocessing = 0;
		};
/* End PBXSourcesBuildPhase section */

/* Begin PBXVariantGroup section */
		71A2D748208F7A740031C4FC /* Main.storyboard */ = {
			isa = PBXVariantGroup;
			children = (
				71A2D749208F7A740031C4FC /* Base */,
			);
			name = Main.storyboard;
			sourceTree = "<group>";
		};
		71A2D74D208F7A750031C4FC /* LaunchScreen.storyboard */ = {
			isa = PBXVariantGroup;
			children = (
				71A2D74E208F7A750031C4FC /* Base */,
			);
			name = LaunchScreen.storyboard;
			sourceTree = "<group>";
		};
/* End PBXVariantGroup section */

/* Begin XCBuildConfiguration section */
		71A2D751208F7A750031C4FC /* Debug */ = {
			isa = XCBuildConfiguration;
			buildSettings = {
				ALWAYS_SEARCH_USER_PATHS = NO;
				CLANG_ANALYZER_NONNULL = YES;
				CLANG_ANALYZER_NUMBER_OBJECT_CONVERSION = YES_AGGRESSIVE;
				CLANG_CXX_LANGUAGE_STANDARD = "gnu++14";
				CLANG_CXX_LIBRARY = "libc++";
				CLANG_ENABLE_MODULES = YES;
				CLANG_ENABLE_OBJC_ARC = YES;
				CLANG_ENABLE_OBJC_WEAK = YES;
				CLANG_WARN_BLOCK_CAPTURE_AUTORELEASING = YES;
				CLANG_WARN_BOOL_CONVERSION = YES;
				CLANG_WARN_COMMA = YES;
				CLANG_WARN_CONSTANT_CONVERSION = YES;
				CLANG_WARN_DEPRECATED_OBJC_IMPLEMENTATIONS = YES;
				CLANG_WARN_DIRECT_OBJC_ISA_USAGE = YES_ERROR;
				CLANG_WARN_DOCUMENTATION_COMMENTS = YES;
				CLANG_WARN_EMPTY_BODY = YES;
				CLANG_WARN_ENUM_CONVERSION = YES;
				CLANG_WARN_INFINITE_RECURSION = YES;
				CLANG_WARN_INT_CONVERSION = YES;
				CLANG_WARN_NON_LITERAL_NULL_CONVERSION = YES;
				CLANG_WARN_OBJC_IMPLICIT_RETAIN_SELF = YES;
				CLANG_WARN_OBJC_LITERAL_CONVERSION = YES;
				CLANG_WARN_OBJC_ROOT_CLASS = YES_ERROR;
				CLANG_WARN_RANGE_LOOP_ANALYSIS = YES;
				CLANG_WARN_STRICT_PROTOTYPES = YES;
				CLANG_WARN_SUSPICIOUS_MOVE = YES;
				CLANG_WARN_UNGUARDED_AVAILABILITY = YES_AGGRESSIVE;
				CLANG_WARN_UNREACHABLE_CODE = YES;
				CLANG_WARN__DUPLICATE_METHOD_MATCH = YES;
				CODE_SIGN_IDENTITY = "iPhone Developer";
				COPY_PHASE_STRIP = NO;
				DEBUG_INFORMATION_FORMAT = dwarf;
				ENABLE_STRICT_OBJC_MSGSEND = YES;
				ENABLE_TESTABILITY = YES;
				GCC_C_LANGUAGE_STANDARD = gnu11;
				GCC_DYNAMIC_NO_PIC = NO;
				GCC_NO_COMMON_BLOCKS = YES;
				GCC_OPTIMIZATION_LEVEL = 0;
				GCC_PREPROCESSOR_DEFINITIONS = (
					"DEBUG=1",
					"$(inherited)",
				);
				GCC_WARN_64_TO_32_BIT_CONVERSION = YES;
				GCC_WARN_ABOUT_RETURN_TYPE = YES_ERROR;
				GCC_WARN_UNDECLARED_SELECTOR = YES;
				GCC_WARN_UNINITIALIZED_AUTOS = YES_AGGRESSIVE;
				GCC_WARN_UNUSED_FUNCTION = YES;
				GCC_WARN_UNUSED_VARIABLE = YES;
				IPHONEOS_DEPLOYMENT_TARGET = 11.3;
				MTL_ENABLE_DEBUG_INFO = YES;
				ONLY_ACTIVE_ARCH = YES;
				SDKROOT = iphoneos;
				SWIFT_ACTIVE_COMPILATION_CONDITIONS = DEBUG;
				SWIFT_OPTIMIZATION_LEVEL = "-Onone";
			};
			name = Debug;
		};
		71A2D752208F7A750031C4FC /* Release */ = {
			isa = XCBuildConfiguration;
			buildSettings = {
				ALWAYS_SEARCH_USER_PATHS = NO;
				CLANG_ANALYZER_NONNULL = YES;
				CLANG_ANALYZER_NUMBER_OBJECT_CONVERSION = YES_AGGRESSIVE;
				CLANG_CXX_LANGUAGE_STANDARD = "gnu++14";
				CLANG_CXX_LIBRARY = "libc++";
				CLANG_ENABLE_MODULES = YES;
				CLANG_ENABLE_OBJC_ARC = YES;
				CLANG_ENABLE_OBJC_WEAK = YES;
				CLANG_WARN_BLOCK_CAPTURE_AUTORELEASING = YES;
				CLANG_WARN_BOOL_CONVERSION = YES;
				CLANG_WARN_COMMA = YES;
				CLANG_WARN_CONSTANT_CONVERSION = YES;
				CLANG_WARN_DEPRECATED_OBJC_IMPLEMENTATIONS = YES;
				CLANG_WARN_DIRECT_OBJC_ISA_USAGE = YES_ERROR;
				CLANG_WARN_DOCUMENTATION_COMMENTS = YES;
				CLANG_WARN_EMPTY_BODY = YES;
				CLANG_WARN_ENUM_CONVERSION = YES;
				CLANG_WARN_INFINITE_RECURSION = YES;
				CLANG_WARN_INT_CONVERSION = YES;
				CLANG_WARN_NON_LITERAL_NULL_CONVERSION = YES;
				CLANG_WARN_OBJC_IMPLICIT_RETAIN_SELF = YES;
				CLANG_WARN_OBJC_LITERAL_CONVERSION = YES;
				CLANG_WARN_OBJC_ROOT_CLASS = YES_ERROR;
				CLANG_WARN_RANGE_LOOP_ANALYSIS = YES;
				CLANG_WARN_STRICT_PROTOTYPES = YES;
				CLANG_WARN_SUSPICIOUS_MOVE = YES;
				CLANG_WARN_UNGUARDED_AVAILABILITY = YES_AGGRESSIVE;
				CLANG_WARN_UNREACHABLE_CODE = YES;
				CLANG_WARN__DUPLICATE_METHOD_MATCH = YES;
				CODE_SIGN_IDENTITY = "iPhone Developer";
				COPY_PHASE_STRIP = NO;
				DEBUG_INFORMATION_FORMAT = "dwarf-with-dsym";
				ENABLE_NS_ASSERTIONS = NO;
				ENABLE_STRICT_OBJC_MSGSEND = YES;
				GCC_C_LANGUAGE_STANDARD = gnu11;
				GCC_NO_COMMON_BLOCKS = YES;
				GCC_WARN_64_TO_32_BIT_CONVERSION = YES;
				GCC_WARN_ABOUT_RETURN_TYPE = YES_ERROR;
				GCC_WARN_UNDECLARED_SELECTOR = YES;
				GCC_WARN_UNINITIALIZED_AUTOS = YES_AGGRESSIVE;
				GCC_WARN_UNUSED_FUNCTION = YES;
				GCC_WARN_UNUSED_VARIABLE = YES;
				IPHONEOS_DEPLOYMENT_TARGET = 11.3;
				MTL_ENABLE_DEBUG_INFO = NO;
				SDKROOT = iphoneos;
				SWIFT_COMPILATION_MODE = wholemodule;
				SWIFT_OPTIMIZATION_LEVEL = "-O";
				VALIDATE_PRODUCT = YES;
			};
			name = Release;
		};
		71A2D754208F7A750031C4FC /* Debug */ = {
			isa = XCBuildConfiguration;
			buildSettings = {
				ASSETCATALOG_COMPILER_APPICON_NAME = AppIcon;
				CODE_SIGN_STYLE = Automatic;
				DEVELOPMENT_TEAM = 62J9RVU398;
				INFOPLIST_FILE = Day17/Info.plist;
				LD_RUNPATH_SEARCH_PATHS = (
					"$(inherited)",
					"@executable_path/Frameworks",
				);
				PRODUCT_BUNDLE_IDENTIFIER = canoe.Day17;
				PRODUCT_NAME = "$(TARGET_NAME)";
				SWIFT_VERSION = 4.0;
				TARGETED_DEVICE_FAMILY = "1,2";
			};
			name = Debug;
		};
		71A2D755208F7A750031C4FC /* Release */ = {
			isa = XCBuildConfiguration;
			buildSettings = {
				ASSETCATALOG_COMPILER_APPICON_NAME = AppIcon;
				CODE_SIGN_STYLE = Automatic;
				DEVELOPMENT_TEAM = 62J9RVU398;
				INFOPLIST_FILE = Day17/Info.plist;
				LD_RUNPATH_SEARCH_PATHS = (
					"$(inherited)",
					"@executable_path/Frameworks",
				);
				PRODUCT_BUNDLE_IDENTIFIER = canoe.Day17;
				PRODUCT_NAME = "$(TARGET_NAME)";
				SWIFT_VERSION = 4.0;
				TARGETED_DEVICE_FAMILY = "1,2";
			};
			name = Release;
		};
/* End XCBuildConfiguration section */

/* Begin XCConfigurationList section */
		71A2D73C208F7A740031C4FC /* Build configuration list for PBXProject "Day17" */ = {
			isa = XCConfigurationList;
			buildConfigurations = (
				71A2D751208F7A750031C4FC /* Debug */,
				71A2D752208F7A750031C4FC /* Release */,
			);
			defaultConfigurationIsVisible = 0;
			defaultConfigurationName = Release;
		};
		71A2D753208F7A750031C4FC /* Build configuration list for PBXNativeTarget "Day17" */ = {
			isa = XCConfigurationList;
			buildConfigurations = (
				71A2D754208F7A750031C4FC /* Debug */,
				71A2D755208F7A750031C4FC /* Release */,
			);
			defaultConfigurationIsVisible = 0;
			defaultConfigurationName = Release;
		};
/* End XCConfigurationList section */
	};
	rootObject = 71A2D739208F7A740031C4FC /* Project object */;
}
