// !$*UTF8*$!
{
	archiveVersion = 1;
	classes = {
	};
	objectVersion = 48;
	objects = {

/* Begin PBXBuildFile section */
		7178BB4B206FC9CC00961829 /* Ecstasy.mp3 in Resources */ = {isa = PBXBuildFile; fileRef = 7178BB4A206FC9CC00961829 /* Ecstasy.mp3 */; };
		71845C78206E0A4D0020D10B /* AppDelegate.swift in Sources */ = {isa = PBXBuildFile; fileRef = 71845C77206E0A4D0020D10B /* AppDelegate.swift */; };
		71845C7A206E0A4D0020D10B /* ViewController.swift in Sources */ = {isa = PBXBuildFile; fileRef = 71845C79206E0A4D0020D10B /* ViewController.swift */; };
		71845C7D206E0A4D0020D10B /* Main.storyboard in Resources */ = {isa = PBXBuildFile; fileRef = 71845C7B206E0A4D0020D10B /* Main.storyboard */; };
		71845C7F206E0A4D0020D10B /* Assets.xcassets in Resources */ = {isa = PBXBuildFile; fileRef = 71845C7E206E0A4D0020D10B /* Assets.xcassets */; };
		71845C82206E0A4D0020D10B /* LaunchScreen.storyboard in Resources */ = {isa = PBXBuildFile; fileRef = 71845C80206E0A4D0020D10B /* LaunchScreen.storyboard */; };
/* End PBXBuildFile section */

/* Begin PBXFileReference section */
		7178BB4A206FC9CC00961829 /* Ecstasy.mp3 */ = {isa = PBXFileReference; lastKnownFileType = audio.mp3; path = Ecstasy.mp3; sourceTree = "<group>"; };
		71845C74206E0A4D0020D10B /* Day08.app */ = {isa = PBXFileReference; explicitFileType = wrapper.application; includeInIndex = 0; path = Day08.app; sourceTree = BUILT_PRODUCTS_DIR; };
		71845C77206E0A4D0020D10B /* AppDelegate.swift */ = {isa = PBXFileReference; lastKnownFileType = sourcecode.swift; path = AppDelegate.swift; sourceTree = "<group>"; };
		71845C79206E0A4D0020D10B /* ViewController.swift */ = {isa = PBXFileReference; lastKnownFileType = sourcecode.swift; path = ViewController.swift; sourceTree = "<group>"; };
		71845C7C206E0A4D0020D10B /* Base */ = {isa = PBXFileReference; lastKnownFileType = file.storyboard; name = Base; path = Base.lproj/Main.storyboard; sourceTree = "<group>"; };
		71845C7E206E0A4D0020D10B /* Assets.xcassets */ = {isa = PBXFileReference; lastKnownFileType = folder.assetcatalog; path = Assets.xcassets; sourceTree = "<group>"; };
		71845C81206E0A4D0020D10B /* Base */ = {isa = PBXFileReference; lastKnownFileType = file.storyboard; name = Base; path = Base.lproj/LaunchScreen.storyboard; sourceTree = "<group>"; };
		71845C83206E0A4D0020D10B /* Info.plist */ = {isa = PBXFileReference; lastKnownFileType = text.plist.xml; path = Info.plist; sourceTree = "<group>"; };
/* End PBXFileReference section */

/* Begin PBXFrameworksBuildPhase section */
		71845C71206E0A4D0020D10B /* Frameworks */ = {
			isa = PBXFrameworksBuildPhase;
			buildActionMask = 2147483647;
			files = (
			);
			runOnlyForDeploymentPostprocessing = 0;
		};
/* End PBXFrameworksBuildPhase section */

/* Begin PBXGroup section */
		71845C6B206E0A4D0020D10B = {
			isa = PBXGroup;
			children = (
				71845C76206E0A4D0020D10B /* Day08 */,
				71845C75206E0A4D0020D10B /* Products */,
			);
			sourceTree = "<group>";
		};
		71845C75206E0A4D0020D10B /* Products */ = {
			isa = PBXGroup;
			children = (
				71845C74206E0A4D0020D10B /* Day08.app */,
			);
			name = Products;
			sourceTree = "<group>";
		};
		71845C76206E0A4D0020D10B /* Day08 */ = {
			isa = PBXGroup;
			children = (
				7178BB4A206FC9CC00961829 /* Ecstasy.mp3 */,
				71845C77206E0A4D0020D10B /* AppDelegate.swift */,
				71845C79206E0A4D0020D10B /* ViewController.swift */,
				71845C7B206E0A4D0020D10B /* Main.storyboard */,
				71845C7E206E0A4D0020D10B /* Assets.xcassets */,
				71845C80206E0A4D0020D10B /* LaunchScreen.storyboard */,
				71845C83206E0A4D0020D10B /* Info.plist */,
			);
			path = Day08;
			sourceTree = "<group>";
		};
/* End PBXGroup section */

/* Begin PBXNativeTarget section */
		71845C73206E0A4D0020D10B /* Day08 */ = {
			isa = PBXNativeTarget;
			buildConfigurationList = 71845C86206E0A4D0020D10B /* Build configuration list for PBXNativeTarget "Day08" */;
			buildPhases = (
				71845C70206E0A4D0020D10B /* Sources */,
				71845C71206E0A4D0020D10B /* Frameworks */,
				71845C72206E0A4D0020D10B /* Resources */,
			);
			buildRules = (
			);
			dependencies = (
			);
			name = Day08;
			productName = Day08;
			productReference = 71845C74206E0A4D0020D10B /* Day08.app */;
			productType = "com.apple.product-type.application";
		};
/* End PBXNativeTarget section */

/* Begin PBXProject section */
		71845C6C206E0A4D0020D10B /* Project object */ = {
			isa = PBXProject;
			attributes = {
				LastSwiftUpdateCheck = 0920;
				LastUpgradeCheck = 0920;
				ORGANIZATIONNAME = canoe;
				TargetAttributes = {
					71845C73206E0A4D0020D10B = {
						CreatedOnToolsVersion = 9.2;
						ProvisioningStyle = Automatic;
					};
				};
			};
			buildConfigurationList = 71845C6F206E0A4D0020D10B /* Build configuration list for PBXProject "Day08" */;
			compatibilityVersion = "Xcode 8.0";
			developmentRegion = en;
			hasScannedForEncodings = 0;
			knownRegions = (
				en,
				Base,
			);
			mainGroup = 71845C6B206E0A4D0020D10B;
			productRefGroup = 71845C75206E0A4D0020D10B /* Products */;
			projectDirPath = "";
			projectRoot = "";
			targets = (
				71845C73206E0A4D0020D10B /* Day08 */,
			);
		};
/* End PBXProject section */

/* Begin PBXResourcesBuildPhase section */
		71845C72206E0A4D0020D10B /* Resources */ = {
			isa = PBXResourcesBuildPhase;
			buildActionMask = 2147483647;
			files = (
				71845C82206E0A4D0020D10B /* LaunchScreen.storyboard in Resources */,
				7178BB4B206FC9CC00961829 /* Ecstasy.mp3 in Resources */,
				71845C7F206E0A4D0020D10B /* Assets.xcassets in Resources */,
				71845C7D206E0A4D0020D10B /* Main.storyboard in Resources */,
			);
			runOnlyForDeploymentPostprocessing = 0;
		};
/* End PBXResourcesBuildPhase section */

/* Begin PBXSourcesBuildPhase section */
		71845C70206E0A4D0020D10B /* Sources */ = {
			isa = PBXSourcesBuildPhase;
			buildActionMask = 2147483647;
			files = (
				71845C7A206E0A4D0020D10B /* ViewController.swift in Sources */,
				71845C78206E0A4D0020D10B /* AppDelegate.swift in Sources */,
			);
			runOnlyForDeploymentPostprocessing = 0;
		};
/* End PBXSourcesBuildPhase section */

/* Begin PBXVariantGroup section */
		71845C7B206E0A4D0020D10B /* Main.storyboard */ = {
			isa = PBXVariantGroup;
			children = (
				71845C7C206E0A4D0020D10B /* Base */,
			);
			name = Main.storyboard;
			sourceTree = "<group>";
		};
		71845C80206E0A4D0020D10B /* LaunchScreen.storyboard */ = {
			isa = PBXVariantGroup;
			children = (
				71845C81206E0A4D0020D10B /* Base */,
			);
			name = LaunchScreen.storyboard;
			sourceTree = "<group>";
		};
/* End PBXVariantGroup section */

/* Begin XCBuildConfiguration section */
		71845C84206E0A4D0020D10B /* Debug */ = {
			isa = XCBuildConfiguration;
			buildSettings = {
				ALWAYS_SEARCH_USER_PATHS = NO;
				CLANG_ANALYZER_NONNULL = YES;
				CLANG_ANALYZER_NUMBER_OBJECT_CONVERSION = YES_AGGRESSIVE;
				CLANG_CXX_LANGUAGE_STANDARD = "gnu++14";
				CLANG_CXX_LIBRARY = "libc++";
				CLANG_ENABLE_MODULES = YES;
				CLANG_ENABLE_OBJC_ARC = YES;
				CLANG_WARN_BLOCK_CAPTURE_AUTORELEASING = YES;
				CLANG_WARN_BOOL_CONVERSION = YES;
				CLANG_WARN_COMMA = YES;
				CLANG_WARN_CONSTANT_CONVERSION = YES;
				CLANG_WARN_DIRECT_OBJC_ISA_USAGE = YES_ERROR;
				CLANG_WARN_DOCUMENTATION_COMMENTS = YES;
				CLANG_WARN_EMPTY_BODY = YES;
				CLANG_WARN_ENUM_CONVERSION = YES;
				CLANG_WARN_INFINITE_RECURSION = YES;
				CLANG_WARN_INT_CONVERSION = YES;
				CLANG_WARN_NON_LITERAL_NULL_CONVERSION = YES;
				CLANG_WARN_OBJC_LITERAL_CONVERSION = YES;
				CLANG_WARN_OBJC_ROOT_CLASS = YES_ERROR;
				CLANG_WARN_RANGE_LOOP_ANALYSIS = YES;
				CLANG_WARN_STRICT_PROTOTYPES = YES;
				CLANG_WARN_SUSPICIOUS_MOVE = YES;
				CLANG_WARN_UNGUARDED_AVAILABILITY = YES_AGGRESSIVE;
				CLANG_WARN_UNREACHABLE_CODE = YES;
				CLANG_WARN__DUPLICATE_METHOD_MATCH = YES;
				CODE_SIGN_IDENTITY = "iPhone Developer";
				COPY_PHASE_STRIP = NO;
				DEBUG_INFORMATION_FORMAT = dwarf;
				ENABLE_STRICT_OBJC_MSGSEND = YES;
				ENABLE_TESTABILITY = YES;
				GCC_C_LANGUAGE_STANDARD = gnu11;
				GCC_DYNAMIC_NO_PIC = NO;
				GCC_NO_COMMON_BLOCKS = YES;
				GCC_OPTIMIZATION_LEVEL = 0;
				GCC_PREPROCESSOR_DEFINITIONS = (
					"DEBUG=1",
					"$(inherited)",
				);
				GCC_WARN_64_TO_32_BIT_CONVERSION = YES;
				GCC_WARN_ABOUT_RETURN_TYPE = YES_ERROR;
				GCC_WARN_UNDECLARED_SELECTOR = YES;
				GCC_WARN_UNINITIALIZED_AUTOS = YES_AGGRESSIVE;
				GCC_WARN_UNUSED_FUNCTION = YES;
				GCC_WARN_UNUSED_VARIABLE = YES;
				IPHONEOS_DEPLOYMENT_TARGET = 11.2;
				MTL_ENABLE_DEBUG_INFO = YES;
				ONLY_ACTIVE_ARCH = YES;
				SDKROOT = iphoneos;
				SWIFT_ACTIVE_COMPILATION_CONDITIONS = DEBUG;
				SWIFT_OPTIMIZATION_LEVEL = "-Onone";
			};
			name = Debug;
		};
		71845C85206E0A4D0020D10B /* Release */ = {
			isa = XCBuildConfiguration;
			buildSettings = {
				ALWAYS_SEARCH_USER_PATHS = NO;
				CLANG_ANALYZER_NONNULL = YES;
				CLANG_ANALYZER_NUMBER_OBJECT_CONVERSION = YES_AGGRESSIVE;
				CLANG_CXX_LANGUAGE_STANDARD = "gnu++14";
				CLANG_CXX_LIBRARY = "libc++";
				CLANG_ENABLE_MODULES = YES;
				CLANG_ENABLE_OBJC_ARC = YES;
				CLANG_WARN_BLOCK_CAPTURE_AUTORELEASING = YES;
				CLANG_WARN_BOOL_CONVERSION = YES;
				CLANG_WARN_COMMA = YES;
				CLANG_WARN_CONSTANT_CONVERSION = YES;
				CLANG_WARN_DIRECT_OBJC_ISA_USAGE = YES_ERROR;
				CLANG_WARN_DOCUMENTATION_COMMENTS = YES;
				CLANG_WARN_EMPTY_BODY = YES;
				CLANG_WARN_ENUM_CONVERSION = YES;
				CLANG_WARN_INFINITE_RECURSION = YES;
				CLANG_WARN_INT_CONVERSION = YES;
				CLANG_WARN_NON_LITERAL_NULL_CONVERSION = YES;
				CLANG_WARN_OBJC_LITERAL_CONVERSION = YES;
				CLANG_WARN_OBJC_ROOT_CLASS = YES_ERROR;
				CLANG_WARN_RANGE_LOOP_ANALYSIS = YES;
				CLANG_WARN_STRICT_PROTOTYPES = YES;
				CLANG_WARN_SUSPICIOUS_MOVE = YES;
				CLANG_WARN_UNGUARDED_AVAILABILITY = YES_AGGRESSIVE;
				CLANG_WARN_UNREACHABLE_CODE = YES;
				CLANG_WARN__DUPLICATE_METHOD_MATCH = YES;
				CODE_SIGN_IDENTITY = "iPhone Developer";
				COPY_PHASE_STRIP = NO;
				DEBUG_INFORMATION_FORMAT = "dwarf-with-dsym";
				ENABLE_NS_ASSERTIONS = NO;
				ENABLE_STRICT_OBJC_MSGSEND = YES;
				GCC_C_LANGUAGE_STANDARD = gnu11;
				GCC_NO_COMMON_BLOCKS = YES;
				GCC_WARN_64_TO_32_BIT_CONVERSION = YES;
				GCC_WARN_ABOUT_RETURN_TYPE = YES_ERROR;
				GCC_WARN_UNDECLARED_SELECTOR = YES;
				GCC_WARN_UNINITIALIZED_AUTOS = YES_AGGRESSIVE;
				GCC_WARN_UNUSED_FUNCTION = YES;
				GCC_WARN_UNUSED_VARIABLE = YES;
				IPHONEOS_DEPLOYMENT_TARGET = 11.2;
				MTL_ENABLE_DEBUG_INFO = NO;
				SDKROOT = iphoneos;
				SWIFT_OPTIMIZATION_LEVEL = "-Owholemodule";
				VALIDATE_PRODUCT = YES;
			};
			name = Release;
		};
		71845C87206E0A4D0020D10B /* Debug */ = {
			isa = XCBuildConfiguration;
			buildSettings = {
				ASSETCATALOG_COMPILER_APPICON_NAME = AppIcon;
				CODE_SIGN_STYLE = Automatic;
				DEVELOPMENT_TEAM = 62J9RVU398;
				INFOPLIST_FILE = Day08/Info.plist;
				LD_RUNPATH_SEARCH_PATHS = "$(inherited) @executable_path/Frameworks";
				PRODUCT_BUNDLE_IDENTIFIER = canoe.Day08;
				PRODUCT_NAME = "$(TARGET_NAME)";
				SWIFT_VERSION = 4.0;
				TARGETED_DEVICE_FAMILY = "1,2";
			};
			name = Debug;
		};
		71845C88206E0A4D0020D10B /* Release */ = {
			isa = XCBuildConfiguration;
			buildSettings = {
				ASSETCATALOG_COMPILER_APPICON_NAME = AppIcon;
				CODE_SIGN_STYLE = Automatic;
				DEVELOPMENT_TEAM = 62J9RVU398;
				INFOPLIST_FILE = Day08/Info.plist;
				LD_RUNPATH_SEARCH_PATHS = "$(inherited) @executable_path/Frameworks";
				PRODUCT_BUNDLE_IDENTIFIER = canoe.Day08;
				PRODUCT_NAME = "$(TARGET_NAME)";
				SWIFT_VERSION = 4.0;
				TARGETED_DEVICE_FAMILY = "1,2";
			};
			name = Release;
		};
/* End XCBuildConfiguration section */

/* Begin XCConfigurationList section */
		71845C6F206E0A4D0020D10B /* Build configuration list for PBXProject "Day08" */ = {
			isa = XCConfigurationList;
			buildConfigurations = (
				71845C84206E0A4D0020D10B /* Debug */,
				71845C85206E0A4D0020D10B /* Release */,
			);
			defaultConfigurationIsVisible = 0;
			defaultConfigurationName = Release;
		};
		71845C86206E0A4D0020D10B /* Build configuration list for PBXNativeTarget "Day08" */ = {
			isa = XCConfigurationList;
			buildConfigurations = (
				71845C87206E0A4D0020D10B /* Debug */,
				71845C88206E0A4D0020D10B /* Release */,
			);
			defaultConfigurationIsVisible = 0;
			defaultConfigurationName = Release;
		};
/* End XCConfigurationList section */
	};
	rootObject = 71845C6C206E0A4D0020D10B /* Project object */;
}
