// !$*UTF8*$!
{
	archiveVersion = 1;
	classes = {
	};
	objectVersion = 46;
	objects = {

/* Begin PBXBuildFile section */
		71071F431F56D60600130081 /* AppDelegate.swift in Sources */ = {isa = PBXBuildFile; fileRef = 71071F421F56D60600130081 /* AppDelegate.swift */; };
		71071F451F56D60600130081 /* ViewController.swift in Sources */ = {isa = PBXBuildFile; fileRef = 71071F441F56D60600130081 /* ViewController.swift */; };
		71071F481F56D60600130081 /* Main.storyboard in Resources */ = {isa = PBXBuildFile; fileRef = 71071F461F56D60600130081 /* Main.storyboard */; };
		71071F4A1F56D60600130081 /* Assets.xcassets in Resources */ = {isa = PBXBuildFile; fileRef = 71071F491F56D60600130081 /* Assets.xcassets */; };
		71071F4D1F56D60600130081 /* LaunchScreen.storyboard in Resources */ = {isa = PBXBuildFile; fileRef = 71071F4B1F56D60600130081 /* LaunchScreen.storyboard */; };
		71FFF2281F6FA5F400868052 /* emoji zone.mp4 in Resources */ = {isa = PBXBuildFile; fileRef = 71FFF2271F6FA5F400868052 /* emoji zone.mp4 */; };
		71FFF22C1F6FAAB500868052 /* TableViewCell.swift in Sources */ = {isa = PBXBuildFile; fileRef = 71FFF22B1F6FAAB500868052 /* TableViewCell.swift */; };
/* End PBXBuildFile section */

/* Begin PBXFileReference section */
		71071F3F1F56D60600130081 /* Day03.app */ = {isa = PBXFileReference; explicitFileType = wrapper.application; includeInIndex = 0; path = Day03.app; sourceTree = BUILT_PRODUCTS_DIR; };
		71071F421F56D60600130081 /* AppDelegate.swift */ = {isa = PBXFileReference; lastKnownFileType = sourcecode.swift; path = AppDelegate.swift; sourceTree = "<group>"; };
		71071F441F56D60600130081 /* ViewController.swift */ = {isa = PBXFileReference; lastKnownFileType = sourcecode.swift; path = ViewController.swift; sourceTree = "<group>"; };
		71071F471F56D60600130081 /* Base */ = {isa = PBXFileReference; lastKnownFileType = file.storyboard; name = Base; path = Base.lproj/Main.storyboard; sourceTree = "<group>"; };
		71071F491F56D60600130081 /* Assets.xcassets */ = {isa = PBXFileReference; lastKnownFileType = folder.assetcatalog; path = Assets.xcassets; sourceTree = "<group>"; };
		71071F4C1F56D60600130081 /* Base */ = {isa = PBXFileReference; lastKnownFileType = file.storyboard; name = Base; path = Base.lproj/LaunchScreen.storyboard; sourceTree = "<group>"; };
		71071F4E1F56D60600130081 /* Info.plist */ = {isa = PBXFileReference; lastKnownFileType = text.plist.xml; path = Info.plist; sourceTree = "<group>"; };
		71FFF2271F6FA5F400868052 /* emoji zone.mp4 */ = {isa = PBXFileReference; lastKnownFileType = file; path = "emoji zone.mp4"; sourceTree = "<group>"; };
		71FFF22B1F6FAAB500868052 /* TableViewCell.swift */ = {isa = PBXFileReference; fileEncoding = 4; lastKnownFileType = sourcecode.swift; path = TableViewCell.swift; sourceTree = "<group>"; };
/* End PBXFileReference section */

/* Begin PBXFrameworksBuildPhase section */
		71071F3C1F56D60600130081 /* Frameworks */ = {
			isa = PBXFrameworksBuildPhase;
			buildActionMask = 2147483647;
			files = (
			);
			runOnlyForDeploymentPostprocessing = 0;
		};
/* End PBXFrameworksBuildPhase section */

/* Begin PBXGroup section */
		71071F361F56D60600130081 = {
			isa = PBXGroup;
			children = (
				71071F411F56D60600130081 /* Day03 */,
				71071F401F56D60600130081 /* Products */,
			);
			sourceTree = "<group>";
		};
		71071F401F56D60600130081 /* Products */ = {
			isa = PBXGroup;
			children = (
				71071F3F1F56D60600130081 /* Day03.app */,
			);
			name = Products;
			sourceTree = "<group>";
		};
		71071F411F56D60600130081 /* Day03 */ = {
			isa = PBXGroup;
			children = (
				71FFF2261F6FA5B500868052 /* movie */,
				71071F421F56D60600130081 /* AppDelegate.swift */,
				71071F441F56D60600130081 /* ViewController.swift */,
				71FFF22B1F6FAAB500868052 /* TableViewCell.swift */,
				71071F461F56D60600130081 /* Main.storyboard */,
				71071F491F56D60600130081 /* Assets.xcassets */,
				71071F4B1F56D60600130081 /* LaunchScreen.storyboard */,
				71071F4E1F56D60600130081 /* Info.plist */,
			);
			path = Day03;
			sourceTree = "<group>";
		};
		71FFF2261F6FA5B500868052 /* movie */ = {
			isa = PBXGroup;
			children = (
				71FFF2271F6FA5F400868052 /* emoji zone.mp4 */,
			);
			name = movie;
			sourceTree = "<group>";
		};
/* End PBXGroup section */

/* Begin PBXNativeTarget section */
		71071F3E1F56D60600130081 /* Day03 */ = {
			isa = PBXNativeTarget;
			buildConfigurationList = 71071F511F56D60600130081 /* Build configuration list for PBXNativeTarget "Day03" */;
			buildPhases = (
				71071F3B1F56D60600130081 /* Sources */,
				71071F3C1F56D60600130081 /* Frameworks */,
				71071F3D1F56D60600130081 /* Resources */,
			);
			buildRules = (
			);
			dependencies = (
			);
			name = Day03;
			productName = Day03;
			productReference = 71071F3F1F56D60600130081 /* Day03.app */;
			productType = "com.apple.product-type.application";
		};
/* End PBXNativeTarget section */

/* Begin PBXProject section */
		71071F371F56D60600130081 /* Project object */ = {
			isa = PBXProject;
			attributes = {
				LastSwiftUpdateCheck = 0830;
				LastUpgradeCheck = 0830;
				ORGANIZATIONNAME = canoe;
				TargetAttributes = {
					71071F3E1F56D60600130081 = {
						CreatedOnToolsVersion = 8.3.1;
						DevelopmentTeam = 62J9RVU398;
						ProvisioningStyle = Automatic;
					};
				};
			};
			buildConfigurationList = 71071F3A1F56D60600130081 /* Build configuration list for PBXProject "Day03" */;
			compatibilityVersion = "Xcode 3.2";
			developmentRegion = English;
			hasScannedForEncodings = 0;
			knownRegions = (
				en,
				Base,
			);
			mainGroup = 71071F361F56D60600130081;
			productRefGroup = 71071F401F56D60600130081 /* Products */;
			projectDirPath = "";
			projectRoot = "";
			targets = (
				71071F3E1F56D60600130081 /* Day03 */,
			);
		};
/* End PBXProject section */

/* Begin PBXResourcesBuildPhase section */
		71071F3D1F56D60600130081 /* Resources */ = {
			isa = PBXResourcesBuildPhase;
			buildActionMask = 2147483647;
			files = (
				71071F4D1F56D60600130081 /* LaunchScreen.storyboard in Resources */,
				71FFF2281F6FA5F400868052 /* emoji zone.mp4 in Resources */,
				71071F4A1F56D60600130081 /* Assets.xcassets in Resources */,
				71071F481F56D60600130081 /* Main.storyboard in Resources */,
			);
			runOnlyForDeploymentPostprocessing = 0;
		};
/* End PBXResourcesBuildPhase section */

/* Begin PBXSourcesBuildPhase section */
		71071F3B1F56D60600130081 /* Sources */ = {
			isa = PBXSourcesBuildPhase;
			buildActionMask = 2147483647;
			files = (
				71FFF22C1F6FAAB500868052 /* TableViewCell.swift in Sources */,
				71071F451F56D60600130081 /* ViewController.swift in Sources */,
				71071F431F56D60600130081 /* AppDelegate.swift in Sources */,
			);
			runOnlyForDeploymentPostprocessing = 0;
		};
/* End PBXSourcesBuildPhase section */

/* Begin PBXVariantGroup section */
		71071F461F56D60600130081 /* Main.storyboard */ = {
			isa = PBXVariantGroup;
			children = (
				71071F471F56D60600130081 /* Base */,
			);
			name = Main.storyboard;
			sourceTree = "<group>";
		};
		71071F4B1F56D60600130081 /* LaunchScreen.storyboard */ = {
			isa = PBXVariantGroup;
			children = (
				71071F4C1F56D60600130081 /* Base */,
			);
			name = LaunchScreen.storyboard;
			sourceTree = "<group>";
		};
/* End PBXVariantGroup section */

/* Begin XCBuildConfiguration section */
		71071F4F1F56D60600130081 /* Debug */ = {
			isa = XCBuildConfiguration;
			buildSettings = {
				ALWAYS_SEARCH_USER_PATHS = NO;
				CLANG_ANALYZER_NONNULL = YES;
				CLANG_ANALYZER_NUMBER_OBJECT_CONVERSION = YES_AGGRESSIVE;
				CLANG_CXX_LANGUAGE_STANDARD = "gnu++0x";
				CLANG_CXX_LIBRARY = "libc++";
				CLANG_ENABLE_MODULES = YES;
				CLANG_ENABLE_OBJC_ARC = YES;
				CLANG_WARN_BOOL_CONVERSION = YES;
				CLANG_WARN_CONSTANT_CONVERSION = YES;
				CLANG_WARN_DIRECT_OBJC_ISA_USAGE = YES_ERROR;
				CLANG_WARN_DOCUMENTATION_COMMENTS = YES;
				CLANG_WARN_EMPTY_BODY = YES;
				CLANG_WARN_ENUM_CONVERSION = YES;
				CLANG_WARN_INFINITE_RECURSION = YES;
				CLANG_WARN_INT_CONVERSION = YES;
				CLANG_WARN_OBJC_ROOT_CLASS = YES_ERROR;
				CLANG_WARN_SUSPICIOUS_MOVE = YES;
				CLANG_WARN_UNREACHABLE_CODE = YES;
				CLANG_WARN__DUPLICATE_METHOD_MATCH = YES;
				"CODE_SIGN_IDENTITY[sdk=iphoneos*]" = "iPhone Developer";
				COPY_PHASE_STRIP = NO;
				DEBUG_INFORMATION_FORMAT = dwarf;
				ENABLE_STRICT_OBJC_MSGSEND = YES;
				ENABLE_TESTABILITY = YES;
				GCC_C_LANGUAGE_STANDARD = gnu99;
				GCC_DYNAMIC_NO_PIC = NO;
				GCC_NO_COMMON_BLOCKS = YES;
				GCC_OPTIMIZATION_LEVEL = 0;
				GCC_PREPROCESSOR_DEFINITIONS = (
					"DEBUG=1",
					"$(inherited)",
				);
				GCC_WARN_64_TO_32_BIT_CONVERSION = YES;
				GCC_WARN_ABOUT_RETURN_TYPE = YES_ERROR;
				GCC_WARN_UNDECLARED_SELECTOR = YES;
				GCC_WARN_UNINITIALIZED_AUTOS = YES_AGGRESSIVE;
				GCC_WARN_UNUSED_FUNCTION = YES;
				GCC_WARN_UNUSED_VARIABLE = YES;
				IPHONEOS_DEPLOYMENT_TARGET = 10.3;
				MTL_ENABLE_DEBUG_INFO = YES;
				ONLY_ACTIVE_ARCH = YES;
				SDKROOT = iphoneos;
				SWIFT_ACTIVE_COMPILATION_CONDITIONS = DEBUG;
				SWIFT_OPTIMIZATION_LEVEL = "-Onone";
			};
			name = Debug;
		};
		71071F501F56D60600130081 /* Release */ = {
			isa = XCBuildConfiguration;
			buildSettings = {
				ALWAYS_SEARCH_USER_PATHS = NO;
				CLANG_ANALYZER_NONNULL = YES;
				CLANG_ANALYZER_NUMBER_OBJECT_CONVERSION = YES_AGGRESSIVE;
				CLANG_CXX_LANGUAGE_STANDARD = "gnu++0x";
				CLANG_CXX_LIBRARY = "libc++";
				CLANG_ENABLE_MODULES = YES;
				CLANG_ENABLE_OBJC_ARC = YES;
				CLANG_WARN_BOOL_CONVERSION = YES;
				CLANG_WARN_CONSTANT_CONVERSION = YES;
				CLANG_WARN_DIRECT_OBJC_ISA_USAGE = YES_ERROR;
				CLANG_WARN_DOCUMENTATION_COMMENTS = YES;
				CLANG_WARN_EMPTY_BODY = YES;
				CLANG_WARN_ENUM_CONVERSION = YES;
				CLANG_WARN_INFINITE_RECURSION = YES;
				CLANG_WARN_INT_CONVERSION = YES;
				CLANG_WARN_OBJC_ROOT_CLASS = YES_ERROR;
				CLANG_WARN_SUSPICIOUS_MOVE = YES;
				CLANG_WARN_UNREACHABLE_CODE = YES;
				CLANG_WARN__DUPLICATE_METHOD_MATCH = YES;
				"CODE_SIGN_IDENTITY[sdk=iphoneos*]" = "iPhone Developer";
				COPY_PHASE_STRIP = NO;
				DEBUG_INFORMATION_FORMAT = "dwarf-with-dsym";
				ENABLE_NS_ASSERTIONS = NO;
				ENABLE_STRICT_OBJC_MSGSEND = YES;
				GCC_C_LANGUAGE_STANDARD = gnu99;
				GCC_NO_COMMON_BLOCKS = YES;
				GCC_WARN_64_TO_32_BIT_CONVERSION = YES;
				GCC_WARN_ABOUT_RETURN_TYPE = YES_ERROR;
				GCC_WARN_UNDECLARED_SELECTOR = YES;
				GCC_WARN_UNINITIALIZED_AUTOS = YES_AGGRESSIVE;
				GCC_WARN_UNUSED_FUNCTION = YES;
				GCC_WARN_UNUSED_VARIABLE = YES;
				IPHONEOS_DEPLOYMENT_TARGET = 10.3;
				MTL_ENABLE_DEBUG_INFO = NO;
				SDKROOT = iphoneos;
				SWIFT_OPTIMIZATION_LEVEL = "-Owholemodule";
				VALIDATE_PRODUCT = YES;
			};
			name = Release;
		};
		71071F521F56D60600130081 /* Debug */ = {
			isa = XCBuildConfiguration;
			buildSettings = {
				ASSETCATALOG_COMPILER_APPICON_NAME = AppIcon;
				DEVELOPMENT_TEAM = 62J9RVU398;
				INFOPLIST_FILE = Day03/Info.plist;
				LD_RUNPATH_SEARCH_PATHS = "$(inherited) @executable_path/Frameworks";
				PRODUCT_BUNDLE_IDENTIFIER = canoe.Day03;
				PRODUCT_NAME = "$(TARGET_NAME)";
				SWIFT_VERSION = 3.0;
			};
			name = Debug;
		};
		71071F531F56D60600130081 /* Release */ = {
			isa = XCBuildConfiguration;
			buildSettings = {
				ASSETCATALOG_COMPILER_APPICON_NAME = AppIcon;
				DEVELOPMENT_TEAM = 62J9RVU398;
				INFOPLIST_FILE = Day03/Info.plist;
				LD_RUNPATH_SEARCH_PATHS = "$(inherited) @executable_path/Frameworks";
				PRODUCT_BUNDLE_IDENTIFIER = canoe.Day03;
				PRODUCT_NAME = "$(TARGET_NAME)";
				SWIFT_VERSION = 3.0;
			};
			name = Release;
		};
/* End XCBuildConfiguration section */

/* Begin XCConfigurationList section */
		71071F3A1F56D60600130081 /* Build configuration list for PBXProject "Day03" */ = {
			isa = XCConfigurationList;
			buildConfigurations = (
				71071F4F1F56D60600130081 /* Debug */,
				71071F501F56D60600130081 /* Release */,
			);
			defaultConfigurationIsVisible = 0;
			defaultConfigurationName = Release;
		};
		71071F511F56D60600130081 /* Build configuration list for PBXNativeTarget "Day03" */ = {
			isa = XCConfigurationList;
			buildConfigurations = (
				71071F521F56D60600130081 /* Debug */,
				71071F531F56D60600130081 /* Release */,
			);
			defaultConfigurationIsVisible = 0;
			defaultConfigurationName = Release;
		};
/* End XCConfigurationList section */
	};
	rootObject = 71071F371F56D60600130081 /* Project object */;
}
