// !$*UTF8*$!
{
	archiveVersion = 1;
	classes = {
	};
	objectVersion = 50;
	objects = {

/* Begin PBXBuildFile section */
		7160D080209F00B400B99BC2 /* AppDelegate.swift in Sources */ = {isa = PBXBuildFile; fileRef = 7160D07F209F00B400B99BC2 /* AppDelegate.swift */; };
		7160D082209F00B400B99BC2 /* ViewController.swift in Sources */ = {isa = PBXBuildFile; fileRef = 7160D081209F00B400B99BC2 /* ViewController.swift */; };
		7160D085209F00B400B99BC2 /* Main.storyboard in Resources */ = {isa = PBXBuildFile; fileRef = 7160D083209F00B400B99BC2 /* Main.storyboard */; };
		7160D087209F00B700B99BC2 /* Assets.xcassets in Resources */ = {isa = PBXBuildFile; fileRef = 7160D086209F00B700B99BC2 /* Assets.xcassets */; };
		7160D08A209F00B700B99BC2 /* LaunchScreen.storyboard in Resources */ = {isa = PBXBuildFile; fileRef = 7160D088209F00B700B99BC2 /* LaunchScreen.storyboard */; };
		7160D093209F0BD600B99BC2 /* TableViewCell.swift in Sources */ = {isa = PBXBuildFile; fileRef = 7160D091209F0BD600B99BC2 /* TableViewCell.swift */; };
		7160D094209F0BD600B99BC2 /* TableViewCell.xib in Resources */ = {isa = PBXBuildFile; fileRef = 7160D092209F0BD600B99BC2 /* TableViewCell.xib */; };
		7160D097209F49D400B99BC2 /* MyTableViewCell.swift in Sources */ = {isa = PBXBuildFile; fileRef = 7160D095209F49D400B99BC2 /* MyTableViewCell.swift */; };
		7160D098209F49D400B99BC2 /* MyTableViewCell.xib in Resources */ = {isa = PBXBuildFile; fileRef = 7160D096209F49D400B99BC2 /* MyTableViewCell.xib */; };
/* End PBXBuildFile section */

/* Begin PBXFileReference section */
		7160D07C209F00B400B99BC2 /* Day21.app */ = {isa = PBXFileReference; explicitFileType = wrapper.application; includeInIndex = 0; path = Day21.app; sourceTree = BUILT_PRODUCTS_DIR; };
		7160D07F209F00B400B99BC2 /* AppDelegate.swift */ = {isa = PBXFileReference; lastKnownFileType = sourcecode.swift; path = AppDelegate.swift; sourceTree = "<group>"; };
		7160D081209F00B400B99BC2 /* ViewController.swift */ = {isa = PBXFileReference; lastKnownFileType = sourcecode.swift; path = ViewController.swift; sourceTree = "<group>"; };
		7160D084209F00B400B99BC2 /* Base */ = {isa = PBXFileReference; lastKnownFileType = file.storyboard; name = Base; path = Base.lproj/Main.storyboard; sourceTree = "<group>"; };
		7160D086209F00B700B99BC2 /* Assets.xcassets */ = {isa = PBXFileReference; lastKnownFileType = folder.assetcatalog; path = Assets.xcassets; sourceTree = "<group>"; };
		7160D089209F00B700B99BC2 /* Base */ = {isa = PBXFileReference; lastKnownFileType = file.storyboard; name = Base; path = Base.lproj/LaunchScreen.storyboard; sourceTree = "<group>"; };
		7160D08B209F00B700B99BC2 /* Info.plist */ = {isa = PBXFileReference; lastKnownFileType = text.plist.xml; path = Info.plist; sourceTree = "<group>"; };
		7160D091209F0BD600B99BC2 /* TableViewCell.swift */ = {isa = PBXFileReference; lastKnownFileType = sourcecode.swift; path = TableViewCell.swift; sourceTree = "<group>"; };
		7160D092209F0BD600B99BC2 /* TableViewCell.xib */ = {isa = PBXFileReference; lastKnownFileType = file.xib; path = TableViewCell.xib; sourceTree = "<group>"; };
		7160D095209F49D400B99BC2 /* MyTableViewCell.swift */ = {isa = PBXFileReference; lastKnownFileType = sourcecode.swift; path = MyTableViewCell.swift; sourceTree = "<group>"; };
		7160D096209F49D400B99BC2 /* MyTableViewCell.xib */ = {isa = PBXFileReference; lastKnownFileType = file.xib; path = MyTableViewCell.xib; sourceTree = "<group>"; };
/* End PBXFileReference section */

/* Begin PBXFrameworksBuildPhase section */
		7160D079209F00B400B99BC2 /* Frameworks */ = {
			isa = PBXFrameworksBuildPhase;
			buildActionMask = 2147483647;
			files = (
			);
			runOnlyForDeploymentPostprocessing = 0;
		};
/* End PBXFrameworksBuildPhase section */

/* Begin PBXGroup section */
		7160D073209F00B400B99BC2 = {
			isa = PBXGroup;
			children = (
				7160D07E209F00B400B99BC2 /* Day21 */,
				7160D07D209F00B400B99BC2 /* Products */,
			);
			sourceTree = "<group>";
		};
		7160D07D209F00B400B99BC2 /* Products */ = {
			isa = PBXGroup;
			children = (
				7160D07C209F00B400B99BC2 /* Day21.app */,
			);
			name = Products;
			sourceTree = "<group>";
		};
		7160D07E209F00B400B99BC2 /* Day21 */ = {
			isa = PBXGroup;
			children = (
				7160D07F209F00B400B99BC2 /* AppDelegate.swift */,
				7160D081209F00B400B99BC2 /* ViewController.swift */,
				7160D083209F00B400B99BC2 /* Main.storyboard */,
				7160D086209F00B700B99BC2 /* Assets.xcassets */,
				7160D088209F00B700B99BC2 /* LaunchScreen.storyboard */,
				7160D08B209F00B700B99BC2 /* Info.plist */,
				7160D091209F0BD600B99BC2 /* TableViewCell.swift */,
				7160D092209F0BD600B99BC2 /* TableViewCell.xib */,
				7160D095209F49D400B99BC2 /* MyTableViewCell.swift */,
				7160D096209F49D400B99BC2 /* MyTableViewCell.xib */,
			);
			path = Day21;
			sourceTree = "<group>";
		};
/* End PBXGroup section */

/* Begin PBXNativeTarget section */
		7160D07B209F00B400B99BC2 /* Day21 */ = {
			isa = PBXNativeTarget;
			buildConfigurationList = 7160D08E209F00B700B99BC2 /* Build configuration list for PBXNativeTarget "Day21" */;
			buildPhases = (
				7160D078209F00B400B99BC2 /* Sources */,
				7160D079209F00B400B99BC2 /* Frameworks */,
				7160D07A209F00B400B99BC2 /* Resources */,
				71D85B6220AB340D00B95F89 /* Integrate Reveal Server */,
			);
			buildRules = (
			);
			dependencies = (
			);
			name = Day21;
			productName = Day21;
			productReference = 7160D07C209F00B400B99BC2 /* Day21.app */;
			productType = "com.apple.product-type.application";
		};
/* End PBXNativeTarget section */

/* Begin PBXProject section */
		7160D074209F00B400B99BC2 /* Project object */ = {
			isa = PBXProject;
			attributes = {
				LastSwiftUpdateCheck = 0930;
				LastUpgradeCheck = 0930;
				ORGANIZATIONNAME = canoe;
				TargetAttributes = {
					7160D07B209F00B400B99BC2 = {
						CreatedOnToolsVersion = 9.3;
					};
				};
			};
			buildConfigurationList = 7160D077209F00B400B99BC2 /* Build configuration list for PBXProject "Day21" */;
			compatibilityVersion = "Xcode 9.3";
			developmentRegion = en;
			hasScannedForEncodings = 0;
			knownRegions = (
				en,
				Base,
			);
			mainGroup = 7160D073209F00B400B99BC2;
			productRefGroup = 7160D07D209F00B400B99BC2 /* Products */;
			projectDirPath = "";
			projectRoot = "";
			targets = (
				7160D07B209F00B400B99BC2 /* Day21 */,
			);
		};
/* End PBXProject section */

/* Begin PBXResourcesBuildPhase section */
		7160D07A209F00B400B99BC2 /* Resources */ = {
			isa = PBXResourcesBuildPhase;
			buildActionMask = 2147483647;
			files = (
				7160D098209F49D400B99BC2 /* MyTableViewCell.xib in Resources */,
				7160D08A209F00B700B99BC2 /* LaunchScreen.storyboard in Resources */,
				7160D094209F0BD600B99BC2 /* TableViewCell.xib in Resources */,
				7160D087209F00B700B99BC2 /* Assets.xcassets in Resources */,
				7160D085209F00B400B99BC2 /* Main.storyboard in Resources */,
			);
			runOnlyForDeploymentPostprocessing = 0;
		};
/* End PBXResourcesBuildPhase section */

/* Begin PBXShellScriptBuildPhase section */
		71D85B6220AB340D00B95F89 /* Integrate Reveal Server */ = {
			isa = PBXShellScriptBuildPhase;
			buildActionMask = 2147483647;
			files = (
			);
			inputPaths = (
			);
			name = "Integrate Reveal Server";
			outputPaths = (
			);
			runOnlyForDeploymentPostprocessing = 0;
			shellPath = /bin/sh;
			shellScript = "REVEAL_APP_PATH=$(mdfind kMDItemCFBundleIdentifier=\"com.ittybittyapps.Reveal2\" | head -n 1)\nBUILD_SCRIPT_PATH=\"${REVEAL_APP_PATH}/Contents/SharedSupport/Scripts/reveal_server_build_phase.sh\"\nif [ \"${REVEAL_APP_PATH}\" -a -e \"${BUILD_SCRIPT_PATH}\" ]; then\n\"${BUILD_SCRIPT_PATH}\"\nelse\necho \"Reveal Server not loaded: Cannot find a compatible Reveal app.\"\nfi";
		};
/* End PBXShellScriptBuildPhase section */

/* Begin PBXSourcesBuildPhase section */
		7160D078209F00B400B99BC2 /* Sources */ = {
			isa = PBXSourcesBuildPhase;
			buildActionMask = 2147483647;
			files = (
				7160D093209F0BD600B99BC2 /* TableViewCell.swift in Sources */,
				7160D097209F49D400B99BC2 /* MyTableViewCell.swift in Sources */,
				7160D082209F00B400B99BC2 /* ViewController.swift in Sources */,
				7160D080209F00B400B99BC2 /* AppDelegate.swift in Sources */,
			);
			runOnlyForDeploymentPostprocessing = 0;
		};
/* End PBXSourcesBuildPhase section */

/* Begin PBXVariantGroup section */
		7160D083209F00B400B99BC2 /* Main.storyboard */ = {
			isa = PBXVariantGroup;
			children = (
				7160D084209F00B400B99BC2 /* Base */,
			);
			name = Main.storyboard;
			sourceTree = "<group>";
		};
		7160D088209F00B700B99BC2 /* LaunchScreen.storyboard */ = {
			isa = PBXVariantGroup;
			children = (
				7160D089209F00B700B99BC2 /* Base */,
			);
			name = LaunchScreen.storyboard;
			sourceTree = "<group>";
		};
/* End PBXVariantGroup section */

/* Begin XCBuildConfiguration section */
		7160D08C209F00B700B99BC2 /* Debug */ = {
			isa = XCBuildConfiguration;
			buildSettings = {
				ALWAYS_SEARCH_USER_PATHS = NO;
				CLANG_ANALYZER_NONNULL = YES;
				CLANG_ANALYZER_NUMBER_OBJECT_CONVERSION = YES_AGGRESSIVE;
				CLANG_CXX_LANGUAGE_STANDARD = "gnu++14";
				CLANG_CXX_LIBRARY = "libc++";
				CLANG_ENABLE_MODULES = YES;
				CLANG_ENABLE_OBJC_ARC = YES;
				CLANG_ENABLE_OBJC_WEAK = YES;
				CLANG_WARN_BLOCK_CAPTURE_AUTORELEASING = YES;
				CLANG_WARN_BOOL_CONVERSION = YES;
				CLANG_WARN_COMMA = YES;
				CLANG_WARN_CONSTANT_CONVERSION = YES;
				CLANG_WARN_DEPRECATED_OBJC_IMPLEMENTATIONS = YES;
				CLANG_WARN_DIRECT_OBJC_ISA_USAGE = YES_ERROR;
				CLANG_WARN_DOCUMENTATION_COMMENTS = YES;
				CLANG_WARN_EMPTY_BODY = YES;
				CLANG_WARN_ENUM_CONVERSION = YES;
				CLANG_WARN_INFINITE_RECURSION = YES;
				CLANG_WARN_INT_CONVERSION = YES;
				CLANG_WARN_NON_LITERAL_NULL_CONVERSION = YES;
				CLANG_WARN_OBJC_IMPLICIT_RETAIN_SELF = YES;
				CLANG_WARN_OBJC_LITERAL_CONVERSION = YES;
				CLANG_WARN_OBJC_ROOT_CLASS = YES_ERROR;
				CLANG_WARN_RANGE_LOOP_ANALYSIS = YES;
				CLANG_WARN_STRICT_PROTOTYPES = YES;
				CLANG_WARN_SUSPICIOUS_MOVE = YES;
				CLANG_WARN_UNGUARDED_AVAILABILITY = YES_AGGRESSIVE;
				CLANG_WARN_UNREACHABLE_CODE = YES;
				CLANG_WARN__DUPLICATE_METHOD_MATCH = YES;
				CODE_SIGN_IDENTITY = "iPhone Developer";
				COPY_PHASE_STRIP = NO;
				DEBUG_INFORMATION_FORMAT = dwarf;
				ENABLE_STRICT_OBJC_MSGSEND = YES;
				ENABLE_TESTABILITY = YES;
				GCC_C_LANGUAGE_STANDARD = gnu11;
				GCC_DYNAMIC_NO_PIC = NO;
				GCC_NO_COMMON_BLOCKS = YES;
				GCC_OPTIMIZATION_LEVEL = 0;
				GCC_PREPROCESSOR_DEFINITIONS = (
					"DEBUG=1",
					"$(inherited)",
				);
				GCC_WARN_64_TO_32_BIT_CONVERSION = YES;
				GCC_WARN_ABOUT_RETURN_TYPE = YES_ERROR;
				GCC_WARN_UNDECLARED_SELECTOR = YES;
				GCC_WARN_UNINITIALIZED_AUTOS = YES_AGGRESSIVE;
				GCC_WARN_UNUSED_FUNCTION = YES;
				GCC_WARN_UNUSED_VARIABLE = YES;
				IPHONEOS_DEPLOYMENT_TARGET = 11.3;
				MTL_ENABLE_DEBUG_INFO = YES;
				ONLY_ACTIVE_ARCH = YES;
				SDKROOT = iphoneos;
				SWIFT_ACTIVE_COMPILATION_CONDITIONS = DEBUG;
				SWIFT_OPTIMIZATION_LEVEL = "-Onone";
			};
			name = Debug;
		};
		7160D08D209F00B700B99BC2 /* Release */ = {
			isa = XCBuildConfiguration;
			buildSettings = {
				ALWAYS_SEARCH_USER_PATHS = NO;
				CLANG_ANALYZER_NONNULL = YES;
				CLANG_ANALYZER_NUMBER_OBJECT_CONVERSION = YES_AGGRESSIVE;
				CLANG_CXX_LANGUAGE_STANDARD = "gnu++14";
				CLANG_CXX_LIBRARY = "libc++";
				CLANG_ENABLE_MODULES = YES;
				CLANG_ENABLE_OBJC_ARC = YES;
				CLANG_ENABLE_OBJC_WEAK = YES;
				CLANG_WARN_BLOCK_CAPTURE_AUTORELEASING = YES;
				CLANG_WARN_BOOL_CONVERSION = YES;
				CLANG_WARN_COMMA = YES;
				CLANG_WARN_CONSTANT_CONVERSION = YES;
				CLANG_WARN_DEPRECATED_OBJC_IMPLEMENTATIONS = YES;
				CLANG_WARN_DIRECT_OBJC_ISA_USAGE = YES_ERROR;
				CLANG_WARN_DOCUMENTATION_COMMENTS = YES;
				CLANG_WARN_EMPTY_BODY = YES;
				CLANG_WARN_ENUM_CONVERSION = YES;
				CLANG_WARN_INFINITE_RECURSION = YES;
				CLANG_WARN_INT_CONVERSION = YES;
				CLANG_WARN_NON_LITERAL_NULL_CONVERSION = YES;
				CLANG_WARN_OBJC_IMPLICIT_RETAIN_SELF = YES;
				CLANG_WARN_OBJC_LITERAL_CONVERSION = YES;
				CLANG_WARN_OBJC_ROOT_CLASS = YES_ERROR;
				CLANG_WARN_RANGE_LOOP_ANALYSIS = YES;
				CLANG_WARN_STRICT_PROTOTYPES = YES;
				CLANG_WARN_SUSPICIOUS_MOVE = YES;
				CLANG_WARN_UNGUARDED_AVAILABILITY = YES_AGGRESSIVE;
				CLANG_WARN_UNREACHABLE_CODE = YES;
				CLANG_WARN__DUPLICATE_METHOD_MATCH = YES;
				CODE_SIGN_IDENTITY = "iPhone Developer";
				COPY_PHASE_STRIP = NO;
				DEBUG_INFORMATION_FORMAT = "dwarf-with-dsym";
				ENABLE_NS_ASSERTIONS = NO;
				ENABLE_STRICT_OBJC_MSGSEND = YES;
				GCC_C_LANGUAGE_STANDARD = gnu11;
				GCC_NO_COMMON_BLOCKS = YES;
				GCC_WARN_64_TO_32_BIT_CONVERSION = YES;
				GCC_WARN_ABOUT_RETURN_TYPE = YES_ERROR;
				GCC_WARN_UNDECLARED_SELECTOR = YES;
				GCC_WARN_UNINITIALIZED_AUTOS = YES_AGGRESSIVE;
				GCC_WARN_UNUSED_FUNCTION = YES;
				GCC_WARN_UNUSED_VARIABLE = YES;
				IPHONEOS_DEPLOYMENT_TARGET = 11.3;
				MTL_ENABLE_DEBUG_INFO = NO;
				SDKROOT = iphoneos;
				SWIFT_COMPILATION_MODE = wholemodule;
				SWIFT_OPTIMIZATION_LEVEL = "-O";
				VALIDATE_PRODUCT = YES;
			};
			name = Release;
		};
		7160D08F209F00B700B99BC2 /* Debug */ = {
			isa = XCBuildConfiguration;
			buildSettings = {
				ASSETCATALOG_COMPILER_APPICON_NAME = AppIcon;
				CODE_SIGN_STYLE = Automatic;
				DEVELOPMENT_TEAM = 62J9RVU398;
				INFOPLIST_FILE = Day21/Info.plist;
				LD_RUNPATH_SEARCH_PATHS = (
					"$(inherited)",
					"@executable_path/Frameworks",
				);
				PRODUCT_BUNDLE_IDENTIFIER = canoe.Day21;
				PRODUCT_NAME = "$(TARGET_NAME)";
				SWIFT_VERSION = 4.0;
				TARGETED_DEVICE_FAMILY = "1,2";
			};
			name = Debug;
		};
		7160D090209F00B700B99BC2 /* Release */ = {
			isa = XCBuildConfiguration;
			buildSettings = {
				ASSETCATALOG_COMPILER_APPICON_NAME = AppIcon;
				CODE_SIGN_STYLE = Automatic;
				DEVELOPMENT_TEAM = 62J9RVU398;
				INFOPLIST_FILE = Day21/Info.plist;
				LD_RUNPATH_SEARCH_PATHS = (
					"$(inherited)",
					"@executable_path/Frameworks",
				);
				PRODUCT_BUNDLE_IDENTIFIER = canoe.Day21;
				PRODUCT_NAME = "$(TARGET_NAME)";
				SWIFT_VERSION = 4.0;
				TARGETED_DEVICE_FAMILY = "1,2";
			};
			name = Release;
		};
/* End XCBuildConfiguration section */

/* Begin XCConfigurationList section */
		7160D077209F00B400B99BC2 /* Build configuration list for PBXProject "Day21" */ = {
			isa = XCConfigurationList;
			buildConfigurations = (
				7160D08C209F00B700B99BC2 /* Debug */,
				7160D08D209F00B700B99BC2 /* Release */,
			);
			defaultConfigurationIsVisible = 0;
			defaultConfigurationName = Release;
		};
		7160D08E209F00B700B99BC2 /* Build configuration list for PBXNativeTarget "Day21" */ = {
			isa = XCConfigurationList;
			buildConfigurations = (
				7160D08F209F00B700B99BC2 /* Debug */,
				7160D090209F00B700B99BC2 /* Release */,
			);
			defaultConfigurationIsVisible = 0;
			defaultConfigurationName = Release;
		};
/* End XCConfigurationList section */
	};
	rootObject = 7160D074209F00B400B99BC2 /* Project object */;
}
